
Microsoft Visual Studio Solution File, Format Version 12.00
# Visual Studio Version 17
VisualStudioVersion = 17.11.35312.102
MinimumVisualStudioVersion = 10.0.40219.1
Project("{FAE04EC0-301F-11D3-BF4B-00C04F79EFBC}") = "apiParcial3", "apiParcial3\apiParcial3.csproj", "{A665FF84-886D-4D60-96AF-95A17545CF2A}"
EndProject
Global
	GlobalSection(SolutionConfigurationPlatforms) = preSolution
		Debug|Any CPU = Debug|Any CPU
		Release|Any CPU = Release|Any CPU
	EndGlobalSection
	GlobalSection(ProjectConfigurationPlatforms) = postSolution
		{A665FF84-886D-4D60-96AF-95A17545CF2A}.Debug|Any CPU.ActiveCfg = Debug|Any CPU
		{A665FF84-886D-4D60-96AF-95A17545CF2A}.Debug|Any CPU.Build.0 = Debug|Any CPU
		{A665FF84-886D-4D60-96AF-95A17545CF2A}.Release|Any CPU.ActiveCfg = Release|Any CPU
		{A665FF84-886D-4D60-96AF-95A17545CF2A}.Release|Any CPU.Build.0 = Release|Any CPU
	EndGlobalSection
	GlobalSection(SolutionProperties) = preSolution
		HideSolutionNode = FALSE
	EndGlobalSection
	GlobalSection(ExtensibilityGlobals) = postSolution
		SolutionGuid = {643BE66D-9061-4E4C-ACA8-689B9C0F59DF}
	EndGlobalSection
EndGlobal
